// !$*UTF8*$!
{
	archiveVersion = 1;
	classes = {
	};
	objectVersion = 51;
	objects = {

/* Begin PBXBuildFile section */
		7FC2695425C42E04003E4648 /* AppDelegate.swift in Sources */ = {isa = PBXBuildFile; fileRef = 7FC2695325C42E04003E4648 /* AppDelegate.swift */; };
		7FC2695625C42E04003E4648 /* SceneDelegate.swift in Sources */ = {isa = PBXBuildFile; fileRef = 7FC2695525C42E04003E4648 /* SceneDelegate.swift */; };
		7FC2695825C42E04003E4648 /* ViewController.swift in Sources */ = {isa = PBXBuildFile; fileRef = 7FC2695725C42E04003E4648 /* ViewController.swift */; };
		7FC2695B25C42E04003E4648 /* Main.storyboard in Resources */ = {isa = PBXBuildFile; fileRef = 7FC2695925C42E04003E4648 /* Main.storyboard */; };
		7FC2695D25C42E05003E4648 /* Assets.xcassets in Resources */ = {isa = PBXBuildFile; fileRef = 7FC2695C25C42E05003E4648 /* Assets.xcassets */; };
		7FC2696025C42E05003E4648 /* LaunchScreen.storyboard in Resources */ = {isa = PBXBuildFile; fileRef = 7FC2695E25C42E05003E4648 /* LaunchScreen.storyboard */; };
		C89D93699460E082D562B137 /* Pods_gestionContactos.framework in Frameworks */ = {isa = PBXBuildFile; fileRef = C2158E5044B86A344229A98B /* Pods_gestionContactos.framework */; };
		F882C99A25C884AD005922F5 /* Requests.swift in Sources */ = {isa = PBXBuildFile; fileRef = F882C99925C884AD005922F5 /* Requests.swift */; };
		F882C99C25C884F0005922F5 /* User.swift in Sources */ = {isa = PBXBuildFile; fileRef = F882C99B25C884F0005922F5 /* User.swift */; };
		F882C99E25C886B6005922F5 /* Endpoints.swift in Sources */ = {isa = PBXBuildFile; fileRef = F882C99D25C886B6005922F5 /* Endpoints.swift */; };
		F882C9A025C88B8A005922F5 /* LoginController.swift in Sources */ = {isa = PBXBuildFile; fileRef = F882C99F25C88B8A005922F5 /* LoginController.swift */; };
		F882C9A625C88F68005922F5 /* SignController.swift in Sources */ = {isa = PBXBuildFile; fileRef = F882C9A525C88F68005922F5 /* SignController.swift */; };
		F882C9A825C8BA49005922F5 /* ScrolViewController.swift in Sources */ = {isa = PBXBuildFile; fileRef = F882C9A725C8BA49005922F5 /* ScrolViewController.swift */; };
		F882C9AA25C8C19A005922F5 /* UserRow.swift in Sources */ = {isa = PBXBuildFile; fileRef = F882C9A925C8C19A005922F5 /* UserRow.swift */; };
/* End PBXBuildFile section */

/* Begin PBXFileReference section */
		2029204FA7F268903C92DFD0 /* Pods-gestionContactos.debug.xcconfig */ = {isa = PBXFileReference; includeInIndex = 1; lastKnownFileType = text.xcconfig; name = "Pods-gestionContactos.debug.xcconfig"; path = "Target Support Files/Pods-gestionContactos/Pods-gestionContactos.debug.xcconfig"; sourceTree = "<group>"; };
		7FC2695025C42E04003E4648 /* gestionContactos.app */ = {isa = PBXFileReference; explicitFileType = wrapper.application; includeInIndex = 0; path = gestionContactos.app; sourceTree = BUILT_PRODUCTS_DIR; };
		7FC2695325C42E04003E4648 /* AppDelegate.swift */ = {isa = PBXFileReference; lastKnownFileType = sourcecode.swift; path = AppDelegate.swift; sourceTree = "<group>"; };
		7FC2695525C42E04003E4648 /* SceneDelegate.swift */ = {isa = PBXFileReference; lastKnownFileType = sourcecode.swift; path = SceneDelegate.swift; sourceTree = "<group>"; };
		7FC2695725C42E04003E4648 /* ViewController.swift */ = {isa = PBXFileReference; lastKnownFileType = sourcecode.swift; path = ViewController.swift; sourceTree = "<group>"; };
		7FC2695A25C42E04003E4648 /* Base */ = {isa = PBXFileReference; lastKnownFileType = file.storyboard; name = Base; path = Base.lproj/Main.storyboard; sourceTree = "<group>"; };
		7FC2695C25C42E05003E4648 /* Assets.xcassets */ = {isa = PBXFileReference; lastKnownFileType = folder.assetcatalog; path = Assets.xcassets; sourceTree = "<group>"; };
		7FC2695F25C42E05003E4648 /* Base */ = {isa = PBXFileReference; lastKnownFileType = file.storyboard; name = Base; path = Base.lproj/LaunchScreen.storyboard; sourceTree = "<group>"; };
		7FC2696125C42E05003E4648 /* Info.plist */ = {isa = PBXFileReference; lastKnownFileType = text.plist.xml; path = Info.plist; sourceTree = "<group>"; };
		B20B9F1C6BE8AEDA86320C93 /* Pods-gestionContactos.release.xcconfig */ = {isa = PBXFileReference; includeInIndex = 1; lastKnownFileType = text.xcconfig; name = "Pods-gestionContactos.release.xcconfig"; path = "Target Support Files/Pods-gestionContactos/Pods-gestionContactos.release.xcconfig"; sourceTree = "<group>"; };
		C2158E5044B86A344229A98B /* Pods_gestionContactos.framework */ = {isa = PBXFileReference; explicitFileType = wrapper.framework; includeInIndex = 0; path = Pods_gestionContactos.framework; sourceTree = BUILT_PRODUCTS_DIR; };
		F882C99925C884AD005922F5 /* Requests.swift */ = {isa = PBXFileReference; lastKnownFileType = sourcecode.swift; path = Requests.swift; sourceTree = "<group>"; };
		F882C99B25C884F0005922F5 /* User.swift */ = {isa = PBXFileReference; lastKnownFileType = sourcecode.swift; path = User.swift; sourceTree = "<group>"; };
		F882C99D25C886B6005922F5 /* Endpoints.swift */ = {isa = PBXFileReference; lastKnownFileType = sourcecode.swift; path = Endpoints.swift; sourceTree = "<group>"; };
		F882C99F25C88B8A005922F5 /* LoginController.swift */ = {isa = PBXFileReference; lastKnownFileType = sourcecode.swift; path = LoginController.swift; sourceTree = "<group>"; };
		F882C9A525C88F68005922F5 /* SignController.swift */ = {isa = PBXFileReference; lastKnownFileType = sourcecode.swift; path = SignController.swift; sourceTree = "<group>"; };
		F882C9A725C8BA49005922F5 /* ScrolViewController.swift */ = {isa = PBXFileReference; lastKnownFileType = sourcecode.swift; path = ScrolViewController.swift; sourceTree = "<group>"; };
		F882C9A925C8C19A005922F5 /* UserRow.swift */ = {isa = PBXFileReference; lastKnownFileType = sourcecode.swift; name = UserRow.swift; path = gestionContactos/Views/UserRow.swift; sourceTree = SOURCE_ROOT; };
/* End PBXFileReference section */

/* Begin PBXFrameworksBuildPhase section */
		7FC2694D25C42E04003E4648 /* Frameworks */ = {
			isa = PBXFrameworksBuildPhase;
			buildActionMask = 2147483647;
			files = (
				C89D93699460E082D562B137 /* Pods_gestionContactos.framework in Frameworks */,
			);
			runOnlyForDeploymentPostprocessing = 0;
		};
/* End PBXFrameworksBuildPhase section */

/* Begin PBXGroup section */
		0A47CE6A5AE3DA59B5DE1474 /* Frameworks */ = {
			isa = PBXGroup;
			children = (
				C2158E5044B86A344229A98B /* Pods_gestionContactos.framework */,
			);
			name = Frameworks;
			sourceTree = "<group>";
		};
		0C55E26584E86D0CF09B9F46 /* Pods */ = {
			isa = PBXGroup;
			children = (
				2029204FA7F268903C92DFD0 /* Pods-gestionContactos.debug.xcconfig */,
				B20B9F1C6BE8AEDA86320C93 /* Pods-gestionContactos.release.xcconfig */,
			);
			path = Pods;
			sourceTree = "<group>";
		};
		7FC2694725C42E04003E4648 = {
			isa = PBXGroup;
			children = (
				7FC2695225C42E04003E4648 /* gestionContactos */,
				7FC2695125C42E04003E4648 /* Products */,
				0C55E26584E86D0CF09B9F46 /* Pods */,
				0A47CE6A5AE3DA59B5DE1474 /* Frameworks */,
			);
			sourceTree = "<group>";
		};
		7FC2695125C42E04003E4648 /* Products */ = {
			isa = PBXGroup;
			children = (
				7FC2695025C42E04003E4648 /* gestionContactos.app */,
			);
			name = Products;
			sourceTree = "<group>";
		};
		7FC2695225C42E04003E4648 /* gestionContactos */ = {
			isa = PBXGroup;
			children = (
				F882C9A425C88C2B005922F5 /* Connectivity */,
				F882C9A325C88C19005922F5 /* Models */,
				F882C9A225C88BEC005922F5 /* Views */,
				F882C9A125C88BCB005922F5 /* Controllers */,
				7FC2695325C42E04003E4648 /* AppDelegate.swift */,
				7FC2695525C42E04003E4648 /* SceneDelegate.swift */,
				7FC2695925C42E04003E4648 /* Main.storyboard */,
				7FC2695C25C42E05003E4648 /* Assets.xcassets */,
				7FC2695E25C42E05003E4648 /* LaunchScreen.storyboard */,
				7FC2696125C42E05003E4648 /* Info.plist */,
			);
			path = gestionContactos;
			sourceTree = "<group>";
		};
		F882C9A125C88BCB005922F5 /* Controllers */ = {
			isa = PBXGroup;
			children = (
			);
			path = Controllers;
			sourceTree = "<group>";
		};
		F882C9A225C88BEC005922F5 /* Views */ = {
			isa = PBXGroup;
			children = (
				7FC2695725C42E04003E4648 /* ViewController.swift */,
				F882C99F25C88B8A005922F5 /* LoginController.swift */,
				F882C9A525C88F68005922F5 /* SignController.swift */,
				F882C9A725C8BA49005922F5 /* ScrolViewController.swift */,
			);
			path = Views;
			sourceTree = "<group>";
		};
		F882C9A325C88C19005922F5 /* Models */ = {
			isa = PBXGroup;
			children = (
				F882C9A925C8C19A005922F5 /* UserRow.swift */,
				F882C99B25C884F0005922F5 /* User.swift */,
			);
			path = Models;
			sourceTree = "<group>";
		};
		F882C9A425C88C2B005922F5 /* Connectivity */ = {
			isa = PBXGroup;
			children = (
				F882C99925C884AD005922F5 /* Requests.swift */,
				F882C99D25C886B6005922F5 /* Endpoints.swift */,
			);
			path = Connectivity;
			sourceTree = "<group>";
		};
/* End PBXGroup section */

/* Begin PBXNativeTarget section */
		7FC2694F25C42E04003E4648 /* gestionContactos */ = {
			isa = PBXNativeTarget;
			buildConfigurationList = 7FC2696425C42E05003E4648 /* Build configuration list for PBXNativeTarget "gestionContactos" */;
			buildPhases = (
				8728E21D4418D332343E4C6D /* [CP] Check Pods Manifest.lock */,
				7FC2694C25C42E04003E4648 /* Sources */,
				7FC2694D25C42E04003E4648 /* Frameworks */,
				7FC2694E25C42E04003E4648 /* Resources */,
				97F74EF2E44E16183AE567E5 /* [CP] Embed Pods Frameworks */,
			);
			buildRules = (
			);
			dependencies = (
			);
			name = gestionContactos;
			productName = gestionContactos;
			productReference = 7FC2695025C42E04003E4648 /* gestionContactos.app */;
			productType = "com.apple.product-type.application";
		};
/* End PBXNativeTarget section */

/* Begin PBXProject section */
		7FC2694825C42E04003E4648 /* Project object */ = {
			isa = PBXProject;
			attributes = {
				LastSwiftUpdateCheck = 1170;
				LastUpgradeCheck = 1170;
				ORGANIZATIONNAME = alumnos;
				TargetAttributes = {
					7FC2694F25C42E04003E4648 = {
						CreatedOnToolsVersion = 11.7;
					};
				};
			};
			buildConfigurationList = 7FC2694B25C42E04003E4648 /* Build configuration list for PBXProject "gestionContactos" */;
			compatibilityVersion = "Xcode 9.3";
			developmentRegion = en;
			hasScannedForEncodings = 0;
			knownRegions = (
				en,
				Base,
			);
			mainGroup = 7FC2694725C42E04003E4648;
			productRefGroup = 7FC2695125C42E04003E4648 /* Products */;
			projectDirPath = "";
			projectRoot = "";
			targets = (
				7FC2694F25C42E04003E4648 /* gestionContactos */,
			);
		};
/* End PBXProject section */

/* Begin PBXResourcesBuildPhase section */
		7FC2694E25C42E04003E4648 /* Resources */ = {
			isa = PBXResourcesBuildPhase;
			buildActionMask = 2147483647;
			files = (
				7FC2696025C42E05003E4648 /* LaunchScreen.storyboard in Resources */,
				7FC2695D25C42E05003E4648 /* Assets.xcassets in Resources */,
				7FC2695B25C42E04003E4648 /* Main.storyboard in Resources */,
			);
			runOnlyForDeploymentPostprocessing = 0;
		};
/* End PBXResourcesBuildPhase section */

/* Begin PBXShellScriptBuildPhase section */
		8728E21D4418D332343E4C6D /* [CP] Check Pods Manifest.lock */ = {
			isa = PBXShellScriptBuildPhase;
			buildActionMask = 2147483647;
			files = (
			);
			inputFileListPaths = (
			);
			inputPaths = (
				"${PODS_PODFILE_DIR_PATH}/Podfile.lock",
				"${PODS_ROOT}/Manifest.lock",
			);
			name = "[CP] Check Pods Manifest.lock";
			outputFileListPaths = (
			);
			outputPaths = (
				"$(DERIVED_FILE_DIR)/Pods-gestionContactos-checkManifestLockResult.txt",
			);
			runOnlyForDeploymentPostprocessing = 0;
			shellPath = /bin/sh;
			shellScript = "diff \"${PODS_PODFILE_DIR_PATH}/Podfile.lock\" \"${PODS_ROOT}/Manifest.lock\" > /dev/null\nif [ $? != 0 ] ; then\n    # print error to STDERR\n    echo \"error: The sandbox is not in sync with the Podfile.lock. Run 'pod install' or update your CocoaPods installation.\" >&2\n    exit 1\nfi\n# This output is used by Xcode 'outputs' to avoid re-running this script phase.\necho \"SUCCESS\" > \"${SCRIPT_OUTPUT_FILE_0}\"\n";
			showEnvVarsInLog = 0;
		};
		97F74EF2E44E16183AE567E5 /* [CP] Embed Pods Frameworks */ = {
			isa = PBXShellScriptBuildPhase;
			buildActionMask = 2147483647;
			files = (
			);
			inputFileListPaths = (
				"${PODS_ROOT}/Target Support Files/Pods-gestionContactos/Pods-gestionContactos-frameworks-${CONFIGURATION}-input-files.xcfilelist",
			);
			name = "[CP] Embed Pods Frameworks";
			outputFileListPaths = (
				"${PODS_ROOT}/Target Support Files/Pods-gestionContactos/Pods-gestionContactos-frameworks-${CONFIGURATION}-output-files.xcfilelist",
			);
			runOnlyForDeploymentPostprocessing = 0;
			shellPath = /bin/sh;
			shellScript = "\"${PODS_ROOT}/Target Support Files/Pods-gestionContactos/Pods-gestionContactos-frameworks.sh\"\n";
			showEnvVarsInLog = 0;
		};
/* End PBXShellScriptBuildPhase section */

/* Begin PBXSourcesBuildPhase section */
		7FC2694C25C42E04003E4648 /* Sources */ = {
			isa = PBXSourcesBuildPhase;
			buildActionMask = 2147483647;
			files = (
				7FC2695825C42E04003E4648 /* ViewController.swift in Sources */,
				F882C99A25C884AD005922F5 /* Requests.swift in Sources */,
				F882C9A825C8BA49005922F5 /* ScrolViewController.swift in Sources */,
				F882C9AA25C8C19A005922F5 /* UserRow.swift in Sources */,
				7FC2695425C42E04003E4648 /* AppDelegate.swift in Sources */,
				F882C99C25C884F0005922F5 /* User.swift in Sources */,
				F882C9A625C88F68005922F5 /* SignController.swift in Sources */,
				F882C99E25C886B6005922F5 /* Endpoints.swift in Sources */,
				7FC2695625C42E04003E4648 /* SceneDelegate.swift in Sources */,
				F882C9A025C88B8A005922F5 /* LoginController.swift in Sources */,
			);
			runOnlyForDeploymentPostprocessing = 0;
		};
/* End PBXSourcesBuildPhase section */

/* Begin PBXVariantGroup section */
		7FC2695925C42E04003E4648 /* Main.storyboard */ = {
			isa = PBXVariantGroup;
			children = (
				7FC2695A25C42E04003E4648 /* Base */,
			);
			name = Main.storyboard;
			sourceTree = "<group>";
		};
		7FC2695E25C42E05003E4648 /* LaunchScreen.storyboard */ = {
			isa = PBXVariantGroup;
			children = (
				7FC2695F25C42E05003E4648 /* Base */,
			);
			name = LaunchScreen.storyboard;
			sourceTree = "<group>";
		};
/* End PBXVariantGroup section */

/* Begin XCBuildConfiguration section */
		7FC2696225C42E05003E4648 /* Debug */ = {
			isa = XCBuildConfiguration;
			buildSettings = {
				ALWAYS_SEARCH_USER_PATHS = NO;
				CLANG_ANALYZER_NONNULL = YES;
				CLANG_ANALYZER_NUMBER_OBJECT_CONVERSION = YES_AGGRESSIVE;
				CLANG_CXX_LANGUAGE_STANDARD = "gnu++14";
				CLANG_CXX_LIBRARY = "libc++";
				CLANG_ENABLE_MODULES = YES;
				CLANG_ENABLE_OBJC_ARC = YES;
				CLANG_ENABLE_OBJC_WEAK = YES;
				CLANG_WARN_BLOCK_CAPTURE_AUTORELEASING = YES;
				CLANG_WARN_BOOL_CONVERSION = YES;
				CLANG_WARN_COMMA = YES;
				CLANG_WARN_CONSTANT_CONVERSION = YES;
				CLANG_WARN_DEPRECATED_OBJC_IMPLEMENTATIONS = YES;
				CLANG_WARN_DIRECT_OBJC_ISA_USAGE = YES_ERROR;
				CLANG_WARN_DOCUMENTATION_COMMENTS = YES;
				CLANG_WARN_EMPTY_BODY = YES;
				CLANG_WARN_ENUM_CONVERSION = YES;
				CLANG_WARN_INFINITE_RECURSION = YES;
				CLANG_WARN_INT_CONVERSION = YES;
				CLANG_WARN_NON_LITERAL_NULL_CONVERSION = YES;
				CLANG_WARN_OBJC_IMPLICIT_RETAIN_SELF = YES;
				CLANG_WARN_OBJC_LITERAL_CONVERSION = YES;
				CLANG_WARN_OBJC_ROOT_CLASS = YES_ERROR;
				CLANG_WARN_RANGE_LOOP_ANALYSIS = YES;
				CLANG_WARN_STRICT_PROTOTYPES = YES;
				CLANG_WARN_SUSPICIOUS_MOVE = YES;
				CLANG_WARN_UNGUARDED_AVAILABILITY = YES_AGGRESSIVE;
				CLANG_WARN_UNREACHABLE_CODE = YES;
				CLANG_WARN__DUPLICATE_METHOD_MATCH = YES;
				COPY_PHASE_STRIP = NO;
				DEBUG_INFORMATION_FORMAT = dwarf;
				ENABLE_STRICT_OBJC_MSGSEND = YES;
				ENABLE_TESTABILITY = YES;
				GCC_C_LANGUAGE_STANDARD = gnu11;
				GCC_DYNAMIC_NO_PIC = NO;
				GCC_NO_COMMON_BLOCKS = YES;
				GCC_OPTIMIZATION_LEVEL = 0;
				GCC_PREPROCESSOR_DEFINITIONS = (
					"DEBUG=1",
					"$(inherited)",
				);
				GCC_WARN_64_TO_32_BIT_CONVERSION = YES;
				GCC_WARN_ABOUT_RETURN_TYPE = YES_ERROR;
				GCC_WARN_UNDECLARED_SELECTOR = YES;
				GCC_WARN_UNINITIALIZED_AUTOS = YES_AGGRESSIVE;
				GCC_WARN_UNUSED_FUNCTION = YES;
				GCC_WARN_UNUSED_VARIABLE = YES;
				IPHONEOS_DEPLOYMENT_TARGET = 13.7;
				MTL_ENABLE_DEBUG_INFO = INCLUDE_SOURCE;
				MTL_FAST_MATH = YES;
				ONLY_ACTIVE_ARCH = YES;
				SDKROOT = iphoneos;
				SWIFT_ACTIVE_COMPILATION_CONDITIONS = DEBUG;
				SWIFT_OPTIMIZATION_LEVEL = "-Onone";
			};
			name = Debug;
		};
		7FC2696325C42E05003E4648 /* Release */ = {
			isa = XCBuildConfiguration;
			buildSettings = {
				ALWAYS_SEARCH_USER_PATHS = NO;
				CLANG_ANALYZER_NONNULL = YES;
				CLANG_ANALYZER_NUMBER_OBJECT_CONVERSION = YES_AGGRESSIVE;
				CLANG_CXX_LANGUAGE_STANDARD = "gnu++14";
				CLANG_CXX_LIBRARY = "libc++";
				CLANG_ENABLE_MODULES = YES;
				CLANG_ENABLE_OBJC_ARC = YES;
				CLANG_ENABLE_OBJC_WEAK = YES;
				CLANG_WARN_BLOCK_CAPTURE_AUTORELEASING = YES;
				CLANG_WARN_BOOL_CONVERSION = YES;
				CLANG_WARN_COMMA = YES;
				CLANG_WARN_CONSTANT_CONVERSION = YES;
				CLANG_WARN_DEPRECATED_OBJC_IMPLEMENTATIONS = YES;
				CLANG_WARN_DIRECT_OBJC_ISA_USAGE = YES_ERROR;
				CLANG_WARN_DOCUMENTATION_COMMENTS = YES;
				CLANG_WARN_EMPTY_BODY = YES;
				CLANG_WARN_ENUM_CONVERSION = YES;
				CLANG_WARN_INFINITE_RECURSION = YES;
				CLANG_WARN_INT_CONVERSION = YES;
				CLANG_WARN_NON_LITERAL_NULL_CONVERSION = YES;
				CLANG_WARN_OBJC_IMPLICIT_RETAIN_SELF = YES;
				CLANG_WARN_OBJC_LITERAL_CONVERSION = YES;
				CLANG_WARN_OBJC_ROOT_CLASS = YES_ERROR;
				CLANG_WARN_RANGE_LOOP_ANALYSIS = YES;
				CLANG_WARN_STRICT_PROTOTYPES = YES;
				CLANG_WARN_SUSPICIOUS_MOVE = YES;
				CLANG_WARN_UNGUARDED_AVAILABILITY = YES_AGGRESSIVE;
				CLANG_WARN_UNREACHABLE_CODE = YES;
				CLANG_WARN__DUPLICATE_METHOD_MATCH = YES;
				COPY_PHASE_STRIP = NO;
				DEBUG_INFORMATION_FORMAT = "dwarf-with-dsym";
				ENABLE_NS_ASSERTIONS = NO;
				ENABLE_STRICT_OBJC_MSGSEND = YES;
				GCC_C_LANGUAGE_STANDARD = gnu11;
				GCC_NO_COMMON_BLOCKS = YES;
				GCC_WARN_64_TO_32_BIT_CONVERSION = YES;
				GCC_WARN_ABOUT_RETURN_TYPE = YES_ERROR;
				GCC_WARN_UNDECLARED_SELECTOR = YES;
				GCC_WARN_UNINITIALIZED_AUTOS = YES_AGGRESSIVE;
				GCC_WARN_UNUSED_FUNCTION = YES;
				GCC_WARN_UNUSED_VARIABLE = YES;
				IPHONEOS_DEPLOYMENT_TARGET = 13.7;
				MTL_ENABLE_DEBUG_INFO = NO;
				MTL_FAST_MATH = YES;
				SDKROOT = iphoneos;
				SWIFT_COMPILATION_MODE = wholemodule;
				SWIFT_OPTIMIZATION_LEVEL = "-O";
				VALIDATE_PRODUCT = YES;
			};
			name = Release;
		};
		7FC2696525C42E05003E4648 /* Debug */ = {
			isa = XCBuildConfiguration;
			baseConfigurationReference = 2029204FA7F268903C92DFD0 /* Pods-gestionContactos.debug.xcconfig */;
			buildSettings = {
				ASSETCATALOG_COMPILER_APPICON_NAME = AppIcon;
				CODE_SIGN_STYLE = Automatic;
				INFOPLIST_FILE = gestionContactos/Info.plist;
				LD_RUNPATH_SEARCH_PATHS = (
					"$(inherited)",
					"@executable_path/Frameworks",
				);
				PRODUCT_BUNDLE_IDENTIFIER = cev.gestionContactos;
				PRODUCT_NAME = "$(TARGET_NAME)";
				SWIFT_VERSION = 5.0;
				TARGETED_DEVICE_FAMILY = "1,2";
			};
			name = Debug;
		};
		7FC2696625C42E05003E4648 /* Release */ = {
			isa = XCBuildConfiguration;
			baseConfigurationReference = B20B9F1C6BE8AEDA86320C93 /* Pods-gestionContactos.release.xcconfig */;
			buildSettings = {
				ASSETCATALOG_COMPILER_APPICON_NAME = AppIcon;
				CODE_SIGN_STYLE = Automatic;
				INFOPLIST_FILE = gestionContactos/Info.plist;
				LD_RUNPATH_SEARCH_PATHS = (
					"$(inherited)",
					"@executable_path/Frameworks",
				);
				PRODUCT_BUNDLE_IDENTIFIER = cev.gestionContactos;
				PRODUCT_NAME = "$(TARGET_NAME)";
				SWIFT_VERSION = 5.0;
				TARGETED_DEVICE_FAMILY = "1,2";
			};
			name = Release;
		};
/* End XCBuildConfiguration section */

/* Begin XCConfigurationList section */
		7FC2694B25C42E04003E4648 /* Build configuration list for PBXProject "gestionContactos" */ = {
			isa = XCConfigurationList;
			buildConfigurations = (
				7FC2696225C42E05003E4648 /* Debug */,
				7FC2696325C42E05003E4648 /* Release */,
			);
			defaultConfigurationIsVisible = 0;
			defaultConfigurationName = Release;
		};
		7FC2696425C42E05003E4648 /* Build configuration list for PBXNativeTarget "gestionContactos" */ = {
			isa = XCConfigurationList;
			buildConfigurations = (
				7FC2696525C42E05003E4648 /* Debug */,
				7FC2696625C42E05003E4648 /* Release */,
			);
			defaultConfigurationIsVisible = 0;
			defaultConfigurationName = Release;
		};
/* End XCConfigurationList section */
	};
	rootObject = 7FC2694825C42E04003E4648 /* Project object */;
}
